
Microsoft Visual Studio Solution File, Format Version 12.00
# Visual Studio 15
VisualStudioVersion = 15.0.27703.2000
MinimumVisualStudioVersion = 10.0.40219.1
Project("{8BC9CEB8-8B4A-11D0-8D11-00A0C91BC942}") = "平衡二叉树", "平衡二叉树\平衡二叉树.vcxproj", "{082197E4-F2FF-4D33-8056-7E809AE006B4}"
EndProject
Global
	GlobalSection(SolutionConfigurationPlatforms) = preSolution
		Debug|x64 = Debug|x64
		Debug|x86 = Debug|x86
		Release|x64 = Release|x64
		Release|x86 = Release|x86
	EndGlobalSection
	GlobalSection(ProjectConfigurationPlatforms) = postSolution
		{082197E4-F2FF-4D33-8056-7E809AE006B4}.Debug|x64.ActiveCfg = Debug|x64
		{082197E4-F2FF-4D33-8056-7E809AE006B4}.Debug|x64.Build.0 = Debug|x64
		{082197E4-F2FF-4D33-8056-7E809AE006B4}.Debug|x86.ActiveCfg = Debug|Win32
		{082197E4-F2FF-4D33-8056-7E809AE006B4}.Debug|x86.Build.0 = Debug|Win32
		{082197E4-F2FF-4D33-8056-7E809AE006B4}.Release|x64.ActiveCfg = Release|x64
		{082197E4-F2FF-4D33-8056-7E809AE006B4}.Release|x64.Build.0 = Release|x64
		{082197E4-F2FF-4D33-8056-7E809AE006B4}.Release|x86.ActiveCfg = Release|Win32
		{082197E4-F2FF-4D33-8056-7E809AE006B4}.Release|x86.Build.0 = Release|Win32
	EndGlobalSection
	GlobalSection(SolutionProperties) = preSolution
		HideSolutionNode = FALSE
	EndGlobalSection
	GlobalSection(ExtensibilityGlobals) = postSolution
		SolutionGuid = {D3BBCB4E-0732-493B-887A-58F24EC882D4}
	EndGlobalSection
EndGlobal
