
Microsoft Visual Studio Solution File, Format Version 12.00
# Visual Studio 15
VisualStudioVersion = 15.0.27703.2000
MinimumVisualStudioVersion = 10.0.40219.1
Project("{8BC9CEB8-8B4A-11D0-8D11-00A0C91BC942}") = "树的同构", "树的同构\树的同构.vcxproj", "{A1E51022-0479-4826-8E14-E1EF2BA16B7D}"
EndProject
Global
	GlobalSection(SolutionConfigurationPlatforms) = preSolution
		Debug|x64 = Debug|x64
		Debug|x86 = Debug|x86
		Release|x64 = Release|x64
		Release|x86 = Release|x86
	EndGlobalSection
	GlobalSection(ProjectConfigurationPlatforms) = postSolution
		{A1E51022-0479-4826-8E14-E1EF2BA16B7D}.Debug|x64.ActiveCfg = Debug|x64
		{A1E51022-0479-4826-8E14-E1EF2BA16B7D}.Debug|x64.Build.0 = Debug|x64
		{A1E51022-0479-4826-8E14-E1EF2BA16B7D}.Debug|x86.ActiveCfg = Debug|Win32
		{A1E51022-0479-4826-8E14-E1EF2BA16B7D}.Debug|x86.Build.0 = Debug|Win32
		{A1E51022-0479-4826-8E14-E1EF2BA16B7D}.Release|x64.ActiveCfg = Release|x64
		{A1E51022-0479-4826-8E14-E1EF2BA16B7D}.Release|x64.Build.0 = Release|x64
		{A1E51022-0479-4826-8E14-E1EF2BA16B7D}.Release|x86.ActiveCfg = Release|Win32
		{A1E51022-0479-4826-8E14-E1EF2BA16B7D}.Release|x86.Build.0 = Release|Win32
	EndGlobalSection
	GlobalSection(SolutionProperties) = preSolution
		HideSolutionNode = FALSE
	EndGlobalSection
	GlobalSection(ExtensibilityGlobals) = postSolution
		SolutionGuid = {5617D7D3-4857-46A5-8624-6901906AFEB2}
	EndGlobalSection
EndGlobal
